<?xml version="1.0" encoding="utf-8"?>
<Project ToolsVersion="4.0" xmlns="http://schemas.microsoft.com/developer/msbuild/2003">
  <ItemGroup>
    <Filter Include="Source Files">
      <UniqueIdentifier>{36259d0a-2831-4b64-9df5-e94a055d4236}</UniqueIdentifier>
      <Extensions>cpp</Extensions>
    </Filter>
    <Filter Include="Header Files">
      <UniqueIdentifier>{26721731-53ca-402f-866e-2ee2d4fecbda}</UniqueIdentifier>
      <Extensions>h</Extensions>
    </Filter>
  </ItemGroup>
  <ItemGroup>
    <ClCompile Include="..\CNCControl\PathSpeed.cpp">
      <Filter>Source Files</Filter>
    </ClCompile>
    <ClCompile Include="PointSumInfo.cpp">
      <Filter>Source Files</Filter>
    </ClCompile>
    <ClCompile Include="..\Common\PolyFunc.cpp">
      <Filter>Source Files</Filter>
    </ClCompile>
    <ClCompile Include="PolySegDblFit.cpp">
      <Filter>Source Files</Filter>
    </ClCompile>
    <ClCompile Include="PolySegFit.cpp">
      <Filter>Source Files</Filter>
    </ClCompile>
    <ClCompile Include="PolySegFitPoints.cpp">
      <Filter>Source Files</Filter>
    </ClCompile>
    <ClCompile Include="PolySegInfo.cpp">
      <Filter>Source Files</Filter>
    </ClCompile>
    <ClCompile Include="StdAfx.cpp">
      <Filter>Source Files</Filter>
    </ClCompile>
  </ItemGroup>
  <ItemGroup>
    <ClInclude Include="PointSumInfo.h">
      <Filter>Header Files</Filter>
    </ClInclude>
    <ClInclude Include="..\Common\PolyFunc.h">
      <Filter>Header Files</Filter>
    </ClInclude>
    <ClInclude Include="PolySegDblFit.h">
      <Filter>Header Files</Filter>
    </ClInclude>
    <ClInclude Include="PolySegFit.h">
      <Filter>Header Files</Filter>
    </ClInclude>
    <ClInclude Include="PolySegFitPoints.h">
      <Filter>Header Files</Filter>
    </ClInclude>
    <ClInclude Include="PolySegInfo.h">
      <Filter>Header Files</Filter>
    </ClInclude>
    <ClInclude Include="StdAfx.h">
      <Filter>Header Files</Filter>
    </ClInclude>
  </ItemGroup>
  <ItemGroup>
    <Text Include="Formula Path Math.txt" />
  </ItemGroup>
</Project>